<?xml version="1.0" encoding="utf-8"?>
<Project ToolsVersion="4.0" xmlns="http://schemas.microsoft.com/developer/msbuild/2003">
  <ItemGroup>
    <ClCompile Include="Mesh.cpp" />
    <ClCompile Include="OGLRenderer.cpp" />
    <ClCompile Include="Shader.cpp" />
    <ClCompile Include="..\Third Party\glad\glad.c">
      <Filter>GLAD</Filter>
    </ClCompile>
    <ClCompile Include="Matrix2.cpp">
      <Filter>Maths</Filter>
    </ClCompile>
    <ClCompile Include="Matrix3.cpp">
      <Filter>Maths</Filter>
    </ClCompile>
    <ClCompile Include="Matrix4.cpp">
      <Filter>Maths</Filter>
    </ClCompile>
    <ClCompile Include="Quaternion.cpp">
      <Filter>Maths</Filter>
    </ClCompile>
    <ClCompile Include="Keyboard.cpp">
      <Filter>Windows and Input</Filter>
    </ClCompile>
    <ClCompile Include="Mouse.cpp">
      <Filter>Windows and Input</Filter>
    </ClCompile>
    <ClCompile Include="Window.cpp">
      <Filter>Windows and Input</Filter>
    </ClCompile>
    <ClCompile Include="ShaderLoader.cpp">
      <Filter>Resources</Filter>
    </ClCompile>
    <ClCompile Include="Light.cpp">
      <Filter>Component\Light</Filter>
    </ClCompile>
    <ClCompile Include="Importer.cpp">
      <Filter>Resources</Filter>
    </ClCompile>
    <ClCompile Include="GameLogic.cpp">
      <Filter>GameLogic</Filter>
    </ClCompile>
    <ClCompile Include="Transform.cpp">
      <Filter>Component\Transform</Filter>
    </ClCompile>
    <ClCompile Include="Material.cpp">
      <Filter>Material</Filter>
    </ClCompile>
    <ClCompile Include="Texture.cpp">
      <Filter>Texture</Filter>
    </ClCompile>
    <ClCompile Include="MeshAnimation.cpp">
      <Filter>Component\Animation</Filter>
    </ClCompile>
    <ClCompile Include="Animation.cpp">
      <Filter>Component\Animation</Filter>
    </ClCompile>
    <ClCompile Include="FrameBuffer.cpp">
      <Filter>FrameBuffer</Filter>
    </ClCompile>
    <ClCompile Include="RenderPass.cpp">
      <Filter>FrameBuffer</Filter>
    </ClCompile>
    <ClCompile Include="Camera.cpp">
      <Filter>Component\Camera</Filter>
    </ClCompile>
    <ClCompile Include="MeshRender.cpp">
      <Filter>Component\Mesh Render</Filter>
    </ClCompile>
    <ClCompile Include="GameObject.cpp">
      <Filter>GameObject</Filter>
    </ClCompile>
    <ClCompile Include="Component.cpp">
      <Filter>Component</Filter>
    </ClCompile>
    <ClCompile Include="Terrain.cpp">
      <Filter>Component\Terrain</Filter>
    </ClCompile>
    <ClCompile Include="Script.cpp">
      <Filter>Component\Script</Filter>
    </ClCompile>
    <ClCompile Include="CameraMove.cpp">
      <Filter>Scripts</Filter>
    </ClCompile>
    <ClCompile Include="Skybox.cpp">
      <Filter>Component\Skybox</Filter>
    </ClCompile>
    <ClCompile Include="Panel.cpp">
      <Filter>Component\UI</Filter>
    </ClCompile>
    <ClCompile Include="UI.cpp">
      <Filter>Component\UI</Filter>
    </ClCompile>
    <ClCompile Include="ShowFPS.cpp">
      <Filter>Scripts</Filter>
    </ClCompile>
    <ClCompile Include="Win32Keyboard.cpp">
      <Filter>Windows and Input</Filter>
    </ClCompile>
    <ClCompile Include="Win32Mouse.cpp">
      <Filter>Windows and Input</Filter>
    </ClCompile>
    <ClCompile Include="Win32Window.cpp">
      <Filter>Windows and Input</Filter>
    </ClCompile>
    <ClCompile Include="GameTimer.cpp">
      <Filter>Windows and Input</Filter>
    </ClCompile>
    <ClCompile Include="GI.cpp">
      <Filter>Scripts</Filter>
    </ClCompile>
    <ClCompile Include="Exporter.cpp">
      <Filter>Resources</Filter>
    </ClCompile>
    <ClCompile Include="Decal.cpp">
      <Filter>Component\Decal</Filter>
    </ClCompile>
  </ItemGroup>
  <ItemGroup>
    <ClInclude Include="common.h" />
    <ClInclude Include="Mesh.h" />
    <ClInclude Include="OGLRenderer.h" />
    <ClInclude Include="Shader.h" />
    <ClInclude Include="Matrix2.h">
      <Filter>Maths</Filter>
    </ClInclude>
    <ClInclude Include="Matrix3.h">
      <Filter>Maths</Filter>
    </ClInclude>
    <ClInclude Include="Matrix4.h">
      <Filter>Maths</Filter>
    </ClInclude>
    <ClInclude Include="Quaternion.h">
      <Filter>Maths</Filter>
    </ClInclude>
    <ClInclude Include="Vector2.h">
      <Filter>Maths</Filter>
    </ClInclude>
    <ClInclude Include="Vector3.h">
      <Filter>Maths</Filter>
    </ClInclude>
    <ClInclude Include="Vector4.h">
      <Filter>Maths</Filter>
    </ClInclude>
    <ClInclude Include="Keyboard.h">
      <Filter>Windows and Input</Filter>
    </ClInclude>
    <ClInclude Include="Mouse.h">
      <Filter>Windows and Input</Filter>
    </ClInclude>
    <ClInclude Include="Window.h">
      <Filter>Windows and Input</Filter>
    </ClInclude>
    <ClInclude Include="ShaderLoader.h">
      <Filter>Resources</Filter>
    </ClInclude>
    <ClInclude Include="Light.h">
      <Filter>Component\Light</Filter>
    </ClInclude>
    <ClInclude Include="Importer.h">
      <Filter>Resources</Filter>
    </ClInclude>
    <ClInclude Include="Event.h">
      <Filter>GameLogic</Filter>
    </ClInclude>
    <ClInclude Include="GameLogic.h">
      <Filter>GameLogic</Filter>
    </ClInclude>
    <ClInclude Include="Transform.h">
      <Filter>Component\Transform</Filter>
    </ClInclude>
    <ClInclude Include="Material.h">
      <Filter>Material</Filter>
    </ClInclude>
    <ClInclude Include="Texture.h">
      <Filter>Texture</Filter>
    </ClInclude>
    <ClInclude Include="MeshAnimation.h">
      <Filter>Component\Animation</Filter>
    </ClInclude>
    <ClInclude Include="Animation.h">
      <Filter>Component\Animation</Filter>
    </ClInclude>
    <ClInclude Include="FrameBuffer.h">
      <Filter>FrameBuffer</Filter>
    </ClInclude>
    <ClInclude Include="TextureGenerateFuncs.h">
      <Filter>FrameBuffer</Filter>
    </ClInclude>
    <ClInclude Include="RenderPass.h">
      <Filter>FrameBuffer</Filter>
    </ClInclude>
    <ClInclude Include="Camera.h">
      <Filter>Component\Camera</Filter>
    </ClInclude>
    <ClInclude Include="MeshRender.h">
      <Filter>Component\Mesh Render</Filter>
    </ClInclude>
    <ClInclude Include="GameObject.h">
      <Filter>GameObject</Filter>
    </ClInclude>
    <ClInclude Include="Component.h">
      <Filter>Component</Filter>
    </ClInclude>
    <ClInclude Include="Terrain.h">
      <Filter>Component\Terrain</Filter>
    </ClInclude>
    <ClInclude Include="Script.h">
      <Filter>Component\Script</Filter>
    </ClInclude>
    <ClInclude Include="CameraMove.h">
      <Filter>Scripts</Filter>
    </ClInclude>
    <ClInclude Include="ScriptFiles.h">
      <Filter>Scripts</Filter>
    </ClInclude>
    <ClInclude Include="Skybox.h">
      <Filter>Component\Skybox</Filter>
    </ClInclude>
    <ClInclude Include="Panel.h">
      <Filter>Component\UI</Filter>
    </ClInclude>
    <ClInclude Include="UI.h">
      <Filter>Component\UI</Filter>
    </ClInclude>
    <ClInclude Include="Text.hpp">
      <Filter>Component\UI</Filter>
    </ClInclude>
    <ClInclude Include="ShowFPS.h">
      <Filter>Scripts</Filter>
    </ClInclude>
    <ClInclude Include="Slider.hpp">
      <Filter>Component\UI</Filter>
    </ClInclude>
    <ClInclude Include="InputDevice.h">
      <Filter>Windows and Input</Filter>
    </ClInclude>
    <ClInclude Include="Win32Keyboard.h">
      <Filter>Windows and Input</Filter>
    </ClInclude>
    <ClInclude Include="Win32Mouse.h">
      <Filter>Windows and Input</Filter>
    </ClInclude>
    <ClInclude Include="Win32Window.h">
      <Filter>Windows and Input</Filter>
    </ClInclude>
    <ClInclude Include="GameTimer.h">
      <Filter>Windows and Input</Filter>
    </ClInclude>
    <ClInclude Include="GI.h">
      <Filter>Scripts</Filter>
    </ClInclude>
    <ClInclude Include="Exporter.h">
      <Filter>Resources</Filter>
    </ClInclude>
    <ClInclude Include="Decal.h">
      <Filter>Component\Decal</Filter>
    </ClInclude>
  </ItemGroup>
  <ItemGroup>
    <Filter Include="GLAD">
      <UniqueIdentifier>{b2f2e4a3-f5c5-4809-836e-819a6234e480}</UniqueIdentifier>
    </Filter>
    <Filter Include="Maths">
      <UniqueIdentifier>{fa6a3a39-359c-4394-b797-c66f4ed7c29d}</UniqueIdentifier>
    </Filter>
    <Filter Include="Windows and Input">
      <UniqueIdentifier>{4a13117a-c481-4385-bd9e-1acd65146a21}</UniqueIdentifier>
    </Filter>
    <Filter Include="Resources">
      <UniqueIdentifier>{80421e15-f6df-4f08-b76a-a72deab76c48}</UniqueIdentifier>
    </Filter>
    <Filter Include="GameLogic">
      <UniqueIdentifier>{acd3b222-dd3a-41f8-ae4d-d7d80aaa4e94}</UniqueIdentifier>
    </Filter>
    <Filter Include="Material">
      <UniqueIdentifier>{fe425724-a589-420a-a7f9-51204adb88b2}</UniqueIdentifier>
    </Filter>
    <Filter Include="Texture">
      <UniqueIdentifier>{57927666-b0f5-4a8c-b485-af27871e0c17}</UniqueIdentifier>
    </Filter>
    <Filter Include="FrameBuffer">
      <UniqueIdentifier>{30261590-e2a0-4951-9eb0-74fedfa75520}</UniqueIdentifier>
    </Filter>
    <Filter Include="GameObject">
      <UniqueIdentifier>{db3c3bfc-a187-47af-8ac0-39e3b51d976f}</UniqueIdentifier>
    </Filter>
    <Filter Include="Component">
      <UniqueIdentifier>{8628e791-30dc-4515-8ff9-2c6a3e71953b}</UniqueIdentifier>
    </Filter>
    <Filter Include="Component\Decal">
      <UniqueIdentifier>{48c63270-4d79-4c08-a0fe-cc2758ab7d7a}</UniqueIdentifier>
    </Filter>
    <Filter Include="Component\Light">
      <UniqueIdentifier>{0594c819-0f0d-46e6-998c-7ee16ae3fcd8}</UniqueIdentifier>
    </Filter>
    <Filter Include="Component\Transform">
      <UniqueIdentifier>{b23940ac-0874-4116-aedf-8d03d0cf5310}</UniqueIdentifier>
    </Filter>
    <Filter Include="Component\Mesh Render">
      <UniqueIdentifier>{f32a4b1e-975d-4576-8483-d444fbd68f9e}</UniqueIdentifier>
    </Filter>
    <Filter Include="Component\Animation">
      <UniqueIdentifier>{c7bc71d7-2009-4350-a9cc-b0fd0ad1e6c9}</UniqueIdentifier>
    </Filter>
    <Filter Include="Component\Terrain">
      <UniqueIdentifier>{e8902ec7-4563-4ae6-8b94-4474691e40ab}</UniqueIdentifier>
    </Filter>
    <Filter Include="Component\Camera">
      <UniqueIdentifier>{1ded67e6-6818-4b88-a9fb-66d0f45e570d}</UniqueIdentifier>
    </Filter>
    <Filter Include="Component\Script">
      <UniqueIdentifier>{b21fa106-2141-426e-beac-8fc7e53dbf65}</UniqueIdentifier>
    </Filter>
    <Filter Include="Scripts">
      <UniqueIdentifier>{4f25336a-7d34-4c28-9ce1-f9ca4c9703b4}</UniqueIdentifier>
    </Filter>
    <Filter Include="Component\Skybox">
      <UniqueIdentifier>{60c32fef-80de-4d88-ab84-0bd0bd26bbcd}</UniqueIdentifier>
    </Filter>
    <Filter Include="Component\UI">
      <UniqueIdentifier>{3cb8fd5a-e153-4745-bfd9-bc83991ef6d5}</UniqueIdentifier>
    </Filter>
  </ItemGroup>
</Project>